
Microsoft Visual Studio Solution File, Format Version 12.00
# Visual Studio Version 17
VisualStudioVersion = 17.6.33815.320
MinimumVisualStudioVersion = 10.0.40219.1
Project("{FAE04EC0-301F-11D3-BF4B-00C04F79EFBC}") = "Project_Erov", "Project_Erov\Project_Erov.csproj", "{4F251E15-CEDA-4ADD-9430-E53CA004DBCF}"
EndProject
Project("{FAE04EC0-301F-11D3-BF4B-00C04F79EFBC}") = "Unit_Test_Erov", "Unit_Test_Erov\Unit_Test_Erov.csproj", "{2D43D341-0631-4D22-962A-D127880438CB}"
EndProject
Global
	GlobalSection(SolutionConfigurationPlatforms) = preSolution
		Debug|Any CPU = Debug|Any CPU
		Release|Any CPU = Release|Any CPU
	EndGlobalSection
	GlobalSection(ProjectConfigurationPlatforms) = postSolution
		{4F251E15-CEDA-4ADD-9430-E53CA004DBCF}.Debug|Any CPU.ActiveCfg = Debug|Any CPU
		{4F251E15-CEDA-4ADD-9430-E53CA004DBCF}.Debug|Any CPU.Build.0 = Debug|Any CPU
		{4F251E15-CEDA-4ADD-9430-E53CA004DBCF}.Release|Any CPU.ActiveCfg = Release|Any CPU
		{4F251E15-CEDA-4ADD-9430-E53CA004DBCF}.Release|Any CPU.Build.0 = Release|Any CPU
		{2D43D341-0631-4D22-962A-D127880438CB}.Debug|Any CPU.ActiveCfg = Debug|Any CPU
		{2D43D341-0631-4D22-962A-D127880438CB}.Debug|Any CPU.Build.0 = Debug|Any CPU
		{2D43D341-0631-4D22-962A-D127880438CB}.Release|Any CPU.ActiveCfg = Release|Any CPU
		{2D43D341-0631-4D22-962A-D127880438CB}.Release|Any CPU.Build.0 = Release|Any CPU
	EndGlobalSection
	GlobalSection(SolutionProperties) = preSolution
		HideSolutionNode = FALSE
	EndGlobalSection
	GlobalSection(ExtensibilityGlobals) = postSolution
		SolutionGuid = {F008E37B-29A2-4D8C-8733-134F25B1C39E}
	EndGlobalSection
EndGlobal
